
Microsoft Visual Studio Solution File, Format Version 12.00
# Visual Studio Version 16
VisualStudioVersion = 16.0.30011.22
MinimumVisualStudioVersion = 10.0.40219.1
Project("{FAE04EC0-301F-11D3-BF4B-00C04F79EFBC}") = "visor_de_fuentes", "visor_de_fuentes\visor_de_fuentes.csproj", "{FB30D21B-9EE3-444D-B104-B0E8277062DD}"
EndProject
Global
	GlobalSection(SolutionConfigurationPlatforms) = preSolution
		Debug|Any CPU = Debug|Any CPU
		Release|Any CPU = Release|Any CPU
	EndGlobalSection
	GlobalSection(ProjectConfigurationPlatforms) = postSolution
		{FB30D21B-9EE3-444D-B104-B0E8277062DD}.Debug|Any CPU.ActiveCfg = Debug|Any CPU
		{FB30D21B-9EE3-444D-B104-B0E8277062DD}.Debug|Any CPU.Build.0 = Debug|Any CPU
		{FB30D21B-9EE3-444D-B104-B0E8277062DD}.Release|Any CPU.ActiveCfg = Release|Any CPU
		{FB30D21B-9EE3-444D-B104-B0E8277062DD}.Release|Any CPU.Build.0 = Release|Any CPU
	EndGlobalSection
	GlobalSection(SolutionProperties) = preSolution
		HideSolutionNode = FALSE
	EndGlobalSection
	GlobalSection(ExtensibilityGlobals) = postSolution
		SolutionGuid = {E75D676E-94D9-4994-B584-71792FB98697}
	EndGlobalSection
EndGlobal
